
Microsoft Visual Studio Solution File, Format Version 12.00
# Visual Studio Version 16
VisualStudioVersion = 25.0.1703.0
MinimumVisualStudioVersion = 10.0.40219.1
Project("{FAE04EC0-301F-11D3-BF4B-00C04F79EFBC}") = "ContosoRecipes", "ContosoRecipes\ContosoRecipes.csproj", "{69DBDB54-39F0-4681-A12E-FE2EC997C6DC}"
EndProject
Global
	GlobalSection(SolutionConfigurationPlatforms) = preSolution
		Debug|Any CPU = Debug|Any CPU
		Release|Any CPU = Release|Any CPU
	EndGlobalSection
	GlobalSection(ProjectConfigurationPlatforms) = postSolution
		{69DBDB54-39F0-4681-A12E-FE2EC997C6DC}.Debug|Any CPU.ActiveCfg = Debug|Any CPU
		{69DBDB54-39F0-4681-A12E-FE2EC997C6DC}.Debug|Any CPU.Build.0 = Debug|Any CPU
		{69DBDB54-39F0-4681-A12E-FE2EC997C6DC}.Release|Any CPU.ActiveCfg = Release|Any CPU
		{69DBDB54-39F0-4681-A12E-FE2EC997C6DC}.Release|Any CPU.Build.0 = Release|Any CPU
	EndGlobalSection
	GlobalSection(SolutionProperties) = preSolution
		HideSolutionNode = FALSE
	EndGlobalSection
	GlobalSection(ExtensibilityGlobals) = postSolution
		SolutionGuid = {69FE8E93-AE0C-4C0A-8A0C-D080A24B3284}
	EndGlobalSection
EndGlobal
